uuid: 20ad5b88-5edf-4eff-8f1d-e2813147f54d
langcode: en
status: true
dependencies:
  module:
    - smart_content_block
  theme:
    - moon
id: moon_decisionblock
theme: moon
region: content
weight: 0
provider: null
plugin: smart_content_decision_block
settings:
  id: smart_content_decision_block
  label: 'Decision Block'
  label_display: '0'
  provider: smart_content_block
  decision_storage:
    plugin_id: config_entity
    id: 7ba49ca4-afd1-479e-a787-be6a9947b8a8
visibility: {  }
